
Microsoft Visual Studio Solution File, Format Version 12.00
# Visual Studio 15
VisualStudioVersion = 15.0.28010.2003
MinimumVisualStudioVersion = 10.0.40219.1
Project("{8BC9CEB8-8B4A-11D0-8D11-00A0C91BC942}") = "Project3", "Project3\Project3.vcxproj", "{603614DD-F0E8-4C55-8D46-02D7BE4B6C3A}"
EndProject
Global
	GlobalSection(SolutionConfigurationPlatforms) = preSolution
		Debug|x64 = Debug|x64
		Debug|x86 = Debug|x86
		Release|x64 = Release|x64
		Release|x86 = Release|x86
	EndGlobalSection
	GlobalSection(ProjectConfigurationPlatforms) = postSolution
		{603614DD-F0E8-4C55-8D46-02D7BE4B6C3A}.Debug|x64.ActiveCfg = Debug|x64
		{603614DD-F0E8-4C55-8D46-02D7BE4B6C3A}.Debug|x64.Build.0 = Debug|x64
		{603614DD-F0E8-4C55-8D46-02D7BE4B6C3A}.Debug|x86.ActiveCfg = Debug|Win32
		{603614DD-F0E8-4C55-8D46-02D7BE4B6C3A}.Debug|x86.Build.0 = Debug|Win32
		{603614DD-F0E8-4C55-8D46-02D7BE4B6C3A}.Release|x64.ActiveCfg = Release|x64
		{603614DD-F0E8-4C55-8D46-02D7BE4B6C3A}.Release|x64.Build.0 = Release|x64
		{603614DD-F0E8-4C55-8D46-02D7BE4B6C3A}.Release|x86.ActiveCfg = Release|Win32
		{603614DD-F0E8-4C55-8D46-02D7BE4B6C3A}.Release|x86.Build.0 = Release|Win32
	EndGlobalSection
	GlobalSection(SolutionProperties) = preSolution
		HideSolutionNode = FALSE
	EndGlobalSection
	GlobalSection(ExtensibilityGlobals) = postSolution
		SolutionGuid = {45F1E35F-91D6-4F69-B579-F20326739DAC}
	EndGlobalSection
EndGlobal
